
Microsoft Visual Studio Solution File, Format Version 12.00
# Visual Studio Version 17
VisualStudioVersion = 17.8.34525.116
MinimumVisualStudioVersion = 10.0.40219.1
Project("{FAE04EC0-301F-11D3-BF4B-00C04F79EFBC}") = "COMP003A.Assignment7", "COMP003A.Assignment7.csproj", "{529590A8-025C-4428-98DE-46C13C1A1179}"
EndProject
Global
	GlobalSection(SolutionConfigurationPlatforms) = preSolution
		Debug|Any CPU = Debug|Any CPU
		Release|Any CPU = Release|Any CPU
	EndGlobalSection
	GlobalSection(ProjectConfigurationPlatforms) = postSolution
		{529590A8-025C-4428-98DE-46C13C1A1179}.Debug|Any CPU.ActiveCfg = Debug|Any CPU
		{529590A8-025C-4428-98DE-46C13C1A1179}.Debug|Any CPU.Build.0 = Debug|Any CPU
		{529590A8-025C-4428-98DE-46C13C1A1179}.Release|Any CPU.ActiveCfg = Release|Any CPU
		{529590A8-025C-4428-98DE-46C13C1A1179}.Release|Any CPU.Build.0 = Release|Any CPU
	EndGlobalSection
	GlobalSection(SolutionProperties) = preSolution
		HideSolutionNode = FALSE
	EndGlobalSection
	GlobalSection(ExtensibilityGlobals) = postSolution
		SolutionGuid = {659C5828-4CEE-48EC-995F-DE3B4A779F00}
	EndGlobalSection
EndGlobal
